// !$*UTF8*$!
{
	archiveVersion = 1;
	classes = {
	};
	objectVersion = 56;
	objects = {

/* Begin PBXBuildFile section */
		AA4C34C32B9849DC00892FF4 /* MD5PerformanceTestApp.swift in Sources */ = {isa = PBXBuildFile; fileRef = AA4C34C22B9849DC00892FF4 /* MD5PerformanceTestApp.swift */; };
		AA4C34C52B9849DC00892FF4 /* ContentView.swift in Sources */ = {isa = PBXBuildFile; fileRef = AA4C34C42B9849DC00892FF4 /* ContentView.swift */; };
		AA4C34C72B9849DD00892FF4 /* Assets.xcassets in Resources */ = {isa = PBXBuildFile; fileRef = AA4C34C62B9849DD00892FF4 /* Assets.xcassets */; };
		AA4C34CA2B9849DD00892FF4 /* Preview Assets.xcassets in Resources */ = {isa = PBXBuildFile; fileRef = AA4C34C92B9849DD00892FF4 /* Preview Assets.xcassets */; };
		AA4C34D12B984A2000892FF4 /* Hasher.swift in Sources */ = {isa = PBXBuildFile; fileRef = AA4C34D02B984A2000892FF4 /* Hasher.swift */; };
		AA4C34EF2B984E3B00892FF4 /* Run.swift in Sources */ = {isa = PBXBuildFile; fileRef = AA4C34EE2B984E3B00892FF4 /* Run.swift */; };
		AA4C34F12B984F9800892FF4 /* Renderer.swift in Sources */ = {isa = PBXBuildFile; fileRef = AA4C34F02B984F9800892FF4 /* Renderer.swift */; };
		AA4C34F42B9855A000892FF4 /* RunView.swift in Sources */ = {isa = PBXBuildFile; fileRef = AA4C34F32B9855A000892FF4 /* RunView.swift */; };
		AA4C34F62B98573E00892FF4 /* RunListView.swift in Sources */ = {isa = PBXBuildFile; fileRef = AA4C34F52B98573E00892FF4 /* RunListView.swift */; };
		AA4C34F92B985E9E00892FF4 /* FileSizeOption.swift in Sources */ = {isa = PBXBuildFile; fileRef = AA4C34F82B985E9E00892FF4 /* FileSizeOption.swift */; };
		AA4C34FB2B985EAF00892FF4 /* ChunkSizeOption.swift in Sources */ = {isa = PBXBuildFile; fileRef = AA4C34FA2B985EAF00892FF4 /* ChunkSizeOption.swift */; };
/* End PBXBuildFile section */

/* Begin PBXFileReference section */
		AA4C34BF2B9849DC00892FF4 /* MD5PerformanceTest.app */ = {isa = PBXFileReference; explicitFileType = wrapper.application; includeInIndex = 0; path = MD5PerformanceTest.app; sourceTree = BUILT_PRODUCTS_DIR; };
		AA4C34C22B9849DC00892FF4 /* MD5PerformanceTestApp.swift */ = {isa = PBXFileReference; lastKnownFileType = sourcecode.swift; path = MD5PerformanceTestApp.swift; sourceTree = "<group>"; };
		AA4C34C42B9849DC00892FF4 /* ContentView.swift */ = {isa = PBXFileReference; lastKnownFileType = sourcecode.swift; path = ContentView.swift; sourceTree = "<group>"; };
		AA4C34C62B9849DD00892FF4 /* Assets.xcassets */ = {isa = PBXFileReference; lastKnownFileType = folder.assetcatalog; path = Assets.xcassets; sourceTree = "<group>"; };
		AA4C34C92B9849DD00892FF4 /* Preview Assets.xcassets */ = {isa = PBXFileReference; lastKnownFileType = folder.assetcatalog; path = "Preview Assets.xcassets"; sourceTree = "<group>"; };
		AA4C34D02B984A2000892FF4 /* Hasher.swift */ = {isa = PBXFileReference; lastKnownFileType = sourcecode.swift; path = Hasher.swift; sourceTree = "<group>"; };
		AA4C34EE2B984E3B00892FF4 /* Run.swift */ = {isa = PBXFileReference; lastKnownFileType = sourcecode.swift; path = Run.swift; sourceTree = "<group>"; };
		AA4C34F02B984F9800892FF4 /* Renderer.swift */ = {isa = PBXFileReference; lastKnownFileType = sourcecode.swift; path = Renderer.swift; sourceTree = "<group>"; };
		AA4C34F32B9855A000892FF4 /* RunView.swift */ = {isa = PBXFileReference; lastKnownFileType = sourcecode.swift; path = RunView.swift; sourceTree = "<group>"; };
		AA4C34F52B98573E00892FF4 /* RunListView.swift */ = {isa = PBXFileReference; lastKnownFileType = sourcecode.swift; path = RunListView.swift; sourceTree = "<group>"; };
		AA4C34F82B985E9E00892FF4 /* FileSizeOption.swift */ = {isa = PBXFileReference; lastKnownFileType = sourcecode.swift; path = FileSizeOption.swift; sourceTree = "<group>"; };
		AA4C34FA2B985EAF00892FF4 /* ChunkSizeOption.swift */ = {isa = PBXFileReference; lastKnownFileType = sourcecode.swift; path = ChunkSizeOption.swift; sourceTree = "<group>"; };
/* End PBXFileReference section */

/* Begin PBXFrameworksBuildPhase section */
		AA4C34BC2B9849DC00892FF4 /* Frameworks */ = {
			isa = PBXFrameworksBuildPhase;
			buildActionMask = 2147483647;
			files = (
			);
			runOnlyForDeploymentPostprocessing = 0;
		};
/* End PBXFrameworksBuildPhase section */

/* Begin PBXGroup section */
		AA4C34B62B9849DC00892FF4 = {
			isa = PBXGroup;
			children = (
				AA4C34C12B9849DC00892FF4 /* MD5PerformanceTest */,
				AA4C34C02B9849DC00892FF4 /* Products */,
			);
			sourceTree = "<group>";
		};
		AA4C34C02B9849DC00892FF4 /* Products */ = {
			isa = PBXGroup;
			children = (
				AA4C34BF2B9849DC00892FF4 /* MD5PerformanceTest.app */,
			);
			name = Products;
			sourceTree = "<group>";
		};
		AA4C34C12B9849DC00892FF4 /* MD5PerformanceTest */ = {
			isa = PBXGroup;
			children = (
				AA4C34F72B985B1500892FF4 /* Models */,
				AA4C34FC2B985ECD00892FF4 /* Services */,
				AA4C34F22B98559700892FF4 /* Views */,
				AA4C34C22B9849DC00892FF4 /* MD5PerformanceTestApp.swift */,
				AA4C34C62B9849DD00892FF4 /* Assets.xcassets */,
				AA4C34C82B9849DD00892FF4 /* Preview Content */,
			);
			path = MD5PerformanceTest;
			sourceTree = "<group>";
		};
		AA4C34C82B9849DD00892FF4 /* Preview Content */ = {
			isa = PBXGroup;
			children = (
				AA4C34C92B9849DD00892FF4 /* Preview Assets.xcassets */,
			);
			path = "Preview Content";
			sourceTree = "<group>";
		};
		AA4C34F22B98559700892FF4 /* Views */ = {
			isa = PBXGroup;
			children = (
				AA4C34C42B9849DC00892FF4 /* ContentView.swift */,
				AA4C34F32B9855A000892FF4 /* RunView.swift */,
				AA4C34F52B98573E00892FF4 /* RunListView.swift */,
			);
			path = Views;
			sourceTree = "<group>";
		};
		AA4C34F72B985B1500892FF4 /* Models */ = {
			isa = PBXGroup;
			children = (
				AA4C34EE2B984E3B00892FF4 /* Run.swift */,
				AA4C34F82B985E9E00892FF4 /* FileSizeOption.swift */,
				AA4C34FA2B985EAF00892FF4 /* ChunkSizeOption.swift */,
			);
			path = Models;
			sourceTree = "<group>";
		};
		AA4C34FC2B985ECD00892FF4 /* Services */ = {
			isa = PBXGroup;
			children = (
				AA4C34D02B984A2000892FF4 /* Hasher.swift */,
				AA4C34F02B984F9800892FF4 /* Renderer.swift */,
			);
			path = Services;
			sourceTree = "<group>";
		};
/* End PBXGroup section */

/* Begin PBXNativeTarget section */
		AA4C34BE2B9849DC00892FF4 /* MD5PerformanceTest */ = {
			isa = PBXNativeTarget;
			buildConfigurationList = AA4C34CD2B9849DD00892FF4 /* Build configuration list for PBXNativeTarget "MD5PerformanceTest" */;
			buildPhases = (
				AA4C34BB2B9849DC00892FF4 /* Sources */,
				AA4C34BC2B9849DC00892FF4 /* Frameworks */,
				AA4C34BD2B9849DC00892FF4 /* Resources */,
			);
			buildRules = (
			);
			dependencies = (
			);
			name = MD5PerformanceTest;
			productName = MD5PerformanceTest;
			productReference = AA4C34BF2B9849DC00892FF4 /* MD5PerformanceTest.app */;
			productType = "com.apple.product-type.application";
		};
/* End PBXNativeTarget section */

/* Begin PBXProject section */
		AA4C34B72B9849DC00892FF4 /* Project object */ = {
			isa = PBXProject;
			attributes = {
				BuildIndependentTargetsInParallel = 1;
				LastSwiftUpdateCheck = 1520;
				LastUpgradeCheck = 1520;
				TargetAttributes = {
					AA4C34BE2B9849DC00892FF4 = {
						CreatedOnToolsVersion = 15.2;
					};
				};
			};
			buildConfigurationList = AA4C34BA2B9849DC00892FF4 /* Build configuration list for PBXProject "MD5PerformanceTest" */;
			compatibilityVersion = "Xcode 14.0";
			developmentRegion = en;
			hasScannedForEncodings = 0;
			knownRegions = (
				en,
				Base,
			);
			mainGroup = AA4C34B62B9849DC00892FF4;
			productRefGroup = AA4C34C02B9849DC00892FF4 /* Products */;
			projectDirPath = "";
			projectRoot = "";
			targets = (
				AA4C34BE2B9849DC00892FF4 /* MD5PerformanceTest */,
			);
		};
/* End PBXProject section */

/* Begin PBXResourcesBuildPhase section */
		AA4C34BD2B9849DC00892FF4 /* Resources */ = {
			isa = PBXResourcesBuildPhase;
			buildActionMask = 2147483647;
			files = (
				AA4C34CA2B9849DD00892FF4 /* Preview Assets.xcassets in Resources */,
				AA4C34C72B9849DD00892FF4 /* Assets.xcassets in Resources */,
			);
			runOnlyForDeploymentPostprocessing = 0;
		};
/* End PBXResourcesBuildPhase section */

/* Begin PBXSourcesBuildPhase section */
		AA4C34BB2B9849DC00892FF4 /* Sources */ = {
			isa = PBXSourcesBuildPhase;
			buildActionMask = 2147483647;
			files = (
				AA4C34FB2B985EAF00892FF4 /* ChunkSizeOption.swift in Sources */,
				AA4C34C52B9849DC00892FF4 /* ContentView.swift in Sources */,
				AA4C34EF2B984E3B00892FF4 /* Run.swift in Sources */,
				AA4C34F62B98573E00892FF4 /* RunListView.swift in Sources */,
				AA4C34F92B985E9E00892FF4 /* FileSizeOption.swift in Sources */,
				AA4C34F42B9855A000892FF4 /* RunView.swift in Sources */,
				AA4C34D12B984A2000892FF4 /* Hasher.swift in Sources */,
				AA4C34F12B984F9800892FF4 /* Renderer.swift in Sources */,
				AA4C34C32B9849DC00892FF4 /* MD5PerformanceTestApp.swift in Sources */,
			);
			runOnlyForDeploymentPostprocessing = 0;
		};
/* End PBXSourcesBuildPhase section */

/* Begin XCBuildConfiguration section */
		AA4C34CB2B9849DD00892FF4 /* Debug */ = {
			isa = XCBuildConfiguration;
			buildSettings = {
				ALWAYS_SEARCH_USER_PATHS = NO;
				ASSETCATALOG_COMPILER_GENERATE_SWIFT_ASSET_SYMBOL_EXTENSIONS = YES;
				CLANG_ANALYZER_NONNULL = YES;
				CLANG_ANALYZER_NUMBER_OBJECT_CONVERSION = YES_AGGRESSIVE;
				CLANG_CXX_LANGUAGE_STANDARD = "gnu++20";
				CLANG_ENABLE_MODULES = YES;
				CLANG_ENABLE_OBJC_ARC = YES;
				CLANG_ENABLE_OBJC_WEAK = YES;
				CLANG_WARN_BLOCK_CAPTURE_AUTORELEASING = YES;
				CLANG_WARN_BOOL_CONVERSION = YES;
				CLANG_WARN_COMMA = YES;
				CLANG_WARN_CONSTANT_CONVERSION = YES;
				CLANG_WARN_DEPRECATED_OBJC_IMPLEMENTATIONS = YES;
				CLANG_WARN_DIRECT_OBJC_ISA_USAGE = YES_ERROR;
				CLANG_WARN_DOCUMENTATION_COMMENTS = YES;
				CLANG_WARN_EMPTY_BODY = YES;
				CLANG_WARN_ENUM_CONVERSION = YES;
				CLANG_WARN_INFINITE_RECURSION = YES;
				CLANG_WARN_INT_CONVERSION = YES;
				CLANG_WARN_NON_LITERAL_NULL_CONVERSION = YES;
				CLANG_WARN_OBJC_IMPLICIT_RETAIN_SELF = YES;
				CLANG_WARN_OBJC_LITERAL_CONVERSION = YES;
				CLANG_WARN_OBJC_ROOT_CLASS = YES_ERROR;
				CLANG_WARN_QUOTED_INCLUDE_IN_FRAMEWORK_HEADER = YES;
				CLANG_WARN_RANGE_LOOP_ANALYSIS = YES;
				CLANG_WARN_STRICT_PROTOTYPES = YES;
				CLANG_WARN_SUSPICIOUS_MOVE = YES;
				CLANG_WARN_UNGUARDED_AVAILABILITY = YES_AGGRESSIVE;
				CLANG_WARN_UNREACHABLE_CODE = YES;
				CLANG_WARN__DUPLICATE_METHOD_MATCH = YES;
				COPY_PHASE_STRIP = NO;
				DEBUG_INFORMATION_FORMAT = dwarf;
				ENABLE_STRICT_OBJC_MSGSEND = YES;
				ENABLE_TESTABILITY = YES;
				ENABLE_USER_SCRIPT_SANDBOXING = YES;
				GCC_C_LANGUAGE_STANDARD = gnu17;
				GCC_DYNAMIC_NO_PIC = NO;
				GCC_NO_COMMON_BLOCKS = YES;
				GCC_OPTIMIZATION_LEVEL = 0;
				GCC_PREPROCESSOR_DEFINITIONS = (
					"DEBUG=1",
					"$(inherited)",
				);
				GCC_WARN_64_TO_32_BIT_CONVERSION = YES;
				GCC_WARN_ABOUT_RETURN_TYPE = YES_ERROR;
				GCC_WARN_UNDECLARED_SELECTOR = YES;
				GCC_WARN_UNINITIALIZED_AUTOS = YES_AGGRESSIVE;
				GCC_WARN_UNUSED_FUNCTION = YES;
				GCC_WARN_UNUSED_VARIABLE = YES;
				IPHONEOS_DEPLOYMENT_TARGET = 16.6;
				LOCALIZATION_PREFERS_STRING_CATALOGS = YES;
				MTL_ENABLE_DEBUG_INFO = INCLUDE_SOURCE;
				MTL_FAST_MATH = YES;
				ONLY_ACTIVE_ARCH = YES;
				SDKROOT = iphoneos;
				SWIFT_ACTIVE_COMPILATION_CONDITIONS = "DEBUG $(inherited)";
				SWIFT_OPTIMIZATION_LEVEL = "-Onone";
			};
			name = Debug;
		};
		AA4C34CC2B9849DD00892FF4 /* Release */ = {
			isa = XCBuildConfiguration;
			buildSettings = {
				ALWAYS_SEARCH_USER_PATHS = NO;
				ASSETCATALOG_COMPILER_GENERATE_SWIFT_ASSET_SYMBOL_EXTENSIONS = YES;
				CLANG_ANALYZER_NONNULL = YES;
				CLANG_ANALYZER_NUMBER_OBJECT_CONVERSION = YES_AGGRESSIVE;
				CLANG_CXX_LANGUAGE_STANDARD = "gnu++20";
				CLANG_ENABLE_MODULES = YES;
				CLANG_ENABLE_OBJC_ARC = YES;
				CLANG_ENABLE_OBJC_WEAK = YES;
				CLANG_WARN_BLOCK_CAPTURE_AUTORELEASING = YES;
				CLANG_WARN_BOOL_CONVERSION = YES;
				CLANG_WARN_COMMA = YES;
				CLANG_WARN_CONSTANT_CONVERSION = YES;
				CLANG_WARN_DEPRECATED_OBJC_IMPLEMENTATIONS = YES;
				CLANG_WARN_DIRECT_OBJC_ISA_USAGE = YES_ERROR;
				CLANG_WARN_DOCUMENTATION_COMMENTS = YES;
				CLANG_WARN_EMPTY_BODY = YES;
				CLANG_WARN_ENUM_CONVERSION = YES;
				CLANG_WARN_INFINITE_RECURSION = YES;
				CLANG_WARN_INT_CONVERSION = YES;
				CLANG_WARN_NON_LITERAL_NULL_CONVERSION = YES;
				CLANG_WARN_OBJC_IMPLICIT_RETAIN_SELF = YES;
				CLANG_WARN_OBJC_LITERAL_CONVERSION = YES;
				CLANG_WARN_OBJC_ROOT_CLASS = YES_ERROR;
				CLANG_WARN_QUOTED_INCLUDE_IN_FRAMEWORK_HEADER = YES;
				CLANG_WARN_RANGE_LOOP_ANALYSIS = YES;
				CLANG_WARN_STRICT_PROTOTYPES = YES;
				CLANG_WARN_SUSPICIOUS_MOVE = YES;
				CLANG_WARN_UNGUARDED_AVAILABILITY = YES_AGGRESSIVE;
				CLANG_WARN_UNREACHABLE_CODE = YES;
				CLANG_WARN__DUPLICATE_METHOD_MATCH = YES;
				COPY_PHASE_STRIP = NO;
				DEBUG_INFORMATION_FORMAT = "dwarf-with-dsym";
				ENABLE_NS_ASSERTIONS = NO;
				ENABLE_STRICT_OBJC_MSGSEND = YES;
				ENABLE_USER_SCRIPT_SANDBOXING = YES;
				GCC_C_LANGUAGE_STANDARD = gnu17;
				GCC_NO_COMMON_BLOCKS = YES;
				GCC_WARN_64_TO_32_BIT_CONVERSION = YES;
				GCC_WARN_ABOUT_RETURN_TYPE = YES_ERROR;
				GCC_WARN_UNDECLARED_SELECTOR = YES;
				GCC_WARN_UNINITIALIZED_AUTOS = YES_AGGRESSIVE;
				GCC_WARN_UNUSED_FUNCTION = YES;
				GCC_WARN_UNUSED_VARIABLE = YES;
				IPHONEOS_DEPLOYMENT_TARGET = 16.6;
				LOCALIZATION_PREFERS_STRING_CATALOGS = YES;
				MTL_ENABLE_DEBUG_INFO = NO;
				MTL_FAST_MATH = YES;
				SDKROOT = iphoneos;
				SWIFT_COMPILATION_MODE = wholemodule;
				VALIDATE_PRODUCT = YES;
			};
			name = Release;
		};
		AA4C34CE2B9849DD00892FF4 /* Debug */ = {
			isa = XCBuildConfiguration;
			buildSettings = {
				ASSETCATALOG_COMPILER_APPICON_NAME = AppIcon;
				ASSETCATALOG_COMPILER_GLOBAL_ACCENT_COLOR_NAME = AccentColor;
				CODE_SIGN_STYLE = Automatic;
				CURRENT_PROJECT_VERSION = 1;
				DEVELOPMENT_ASSET_PATHS = "\"MD5PerformanceTest/Preview Content\"";
				DEVELOPMENT_TEAM = DLLQN59A93;
				ENABLE_PREVIEWS = YES;
				GENERATE_INFOPLIST_FILE = YES;
				INFOPLIST_KEY_LSApplicationCategoryType = "public.app-category.developer-tools";
				INFOPLIST_KEY_UIApplicationSceneManifest_Generation = YES;
				INFOPLIST_KEY_UIApplicationSupportsIndirectInputEvents = YES;
				INFOPLIST_KEY_UILaunchScreen_Generation = YES;
				INFOPLIST_KEY_UISupportedInterfaceOrientations = UIInterfaceOrientationPortrait;
				INFOPLIST_KEY_UISupportedInterfaceOrientations_iPad = "UIInterfaceOrientationPortrait UIInterfaceOrientationPortraitUpsideDown";
				LD_RUNPATH_SEARCH_PATHS = (
					"$(inherited)",
					"@executable_path/Frameworks",
				);
				MARKETING_VERSION = 1.0;
				PRODUCT_BUNDLE_IDENTIFIER = de.i2h3.MD5PerformanceTest;
				PRODUCT_NAME = "$(TARGET_NAME)";
				SWIFT_EMIT_LOC_STRINGS = YES;
				SWIFT_VERSION = 5.0;
				TARGETED_DEVICE_FAMILY = "1,2";
			};
			name = Debug;
		};
		AA4C34CF2B9849DD00892FF4 /* Release */ = {
			isa = XCBuildConfiguration;
			buildSettings = {
				ASSETCATALOG_COMPILER_APPICON_NAME = AppIcon;
				ASSETCATALOG_COMPILER_GLOBAL_ACCENT_COLOR_NAME = AccentColor;
				CODE_SIGN_STYLE = Automatic;
				CURRENT_PROJECT_VERSION = 1;
				DEVELOPMENT_ASSET_PATHS = "\"MD5PerformanceTest/Preview Content\"";
				DEVELOPMENT_TEAM = DLLQN59A93;
				ENABLE_PREVIEWS = YES;
				GENERATE_INFOPLIST_FILE = YES;
				INFOPLIST_KEY_LSApplicationCategoryType = "public.app-category.developer-tools";
				INFOPLIST_KEY_UIApplicationSceneManifest_Generation = YES;
				INFOPLIST_KEY_UIApplicationSupportsIndirectInputEvents = YES;
				INFOPLIST_KEY_UILaunchScreen_Generation = YES;
				INFOPLIST_KEY_UISupportedInterfaceOrientations = UIInterfaceOrientationPortrait;
				INFOPLIST_KEY_UISupportedInterfaceOrientations_iPad = "UIInterfaceOrientationPortrait UIInterfaceOrientationPortraitUpsideDown";
				LD_RUNPATH_SEARCH_PATHS = (
					"$(inherited)",
					"@executable_path/Frameworks",
				);
				MARKETING_VERSION = 1.0;
				PRODUCT_BUNDLE_IDENTIFIER = de.i2h3.MD5PerformanceTest;
				PRODUCT_NAME = "$(TARGET_NAME)";
				SWIFT_EMIT_LOC_STRINGS = YES;
				SWIFT_VERSION = 5.0;
				TARGETED_DEVICE_FAMILY = "1,2";
			};
			name = Release;
		};
/* End XCBuildConfiguration section */

/* Begin XCConfigurationList section */
		AA4C34BA2B9849DC00892FF4 /* Build configuration list for PBXProject "MD5PerformanceTest" */ = {
			isa = XCConfigurationList;
			buildConfigurations = (
				AA4C34CB2B9849DD00892FF4 /* Debug */,
				AA4C34CC2B9849DD00892FF4 /* Release */,
			);
			defaultConfigurationIsVisible = 0;
			defaultConfigurationName = Release;
		};
		AA4C34CD2B9849DD00892FF4 /* Build configuration list for PBXNativeTarget "MD5PerformanceTest" */ = {
			isa = XCConfigurationList;
			buildConfigurations = (
				AA4C34CE2B9849DD00892FF4 /* Debug */,
				AA4C34CF2B9849DD00892FF4 /* Release */,
			);
			defaultConfigurationIsVisible = 0;
			defaultConfigurationName = Release;
		};
/* End XCConfigurationList section */
	};
	rootObject = AA4C34B72B9849DC00892FF4 /* Project object */;
}
